{
  "name": "matropa",
  "version": "2.1.1",
  "lockfileVersion": 1,
  "requires": true,
  "dependencies": {
    "biteme": {
      "version": "3.2.1",
      "resolved": "https://registry.npmjs.org/biteme/-/biteme-3.2.1.tgz",
      "integrity": "sha512-I3KQQfCrHg0/COj8IMX/aOerSYUKzBPdryLknoxt06u/8gx5xwXZ2J19xFjhV2h5RWif4vRAaBQh+FJ3zzmXMg=="
    }
  }
}
