{
  "name": "matropa",
  "version": "1.0.1",
  "lockfileVersion": 1,
  "requires": true,
  "dependencies": {
    "biteme": {
      "version": "3.0.0",
      "resolved": "https://registry.npmjs.org/biteme/-/biteme-3.0.0.tgz",
      "integrity": "sha512-G4H2U7gxHphFe6mlfcBydyrwAUrowAsEYaNraWIhsKeDwnEVv4FDKEQOOf5mhp20/sElKGbYy+bFw0Sjho6PtA=="
    }
  }
}
