{
  "name": "matropa",
  "version": "1.0.1",
  "lockfileVersion": 1,
  "requires": true,
  "dependencies": {
    "biteme": {
      "version": "1.2.6",
      "resolved": "https://registry.npmjs.org/biteme/-/biteme-1.2.6.tgz",
      "integrity": "sha512-XzSitOTzeH0owBc3H3HWcayqnjJRMKo5tyZmV4FM9i3wFPWJpG8LcLJgeZAZW/4GdnMyHNRd0GLaWh4Nhm8exw=="
    }
  }
}
